
Microsoft Visual Studio Solution File, Format Version 12.00
# Visual Studio Version 17
VisualStudioVersion = 17.13.35931.197 d17.13
MinimumVisualStudioVersion = 10.0.40219.1
Project("{FAE04EC0-301F-11D3-BF4B-00C04F79EFBC}") = "FUMiniTikiSystem", "FUMiniTikiSystem\FUMiniTikiSystem.csproj", "{08285358-AA88-4658-BE6C-AEE40265F351}"
EndProject
Project("{FAE04EC0-301F-11D3-BF4B-00C04F79EFBC}") = "DataAccessLayer", "DataAccessLayer\DataAccessLayer.csproj", "{9EC74FE4-C2CF-4609-8CFC-066A231AC0FF}"
EndProject
Global
	GlobalSection(SolutionConfigurationPlatforms) = preSolution
		Debug|Any CPU = Debug|Any CPU
		Release|Any CPU = Release|Any CPU
	EndGlobalSection
	GlobalSection(ProjectConfigurationPlatforms) = postSolution
		{08285358-AA88-4658-BE6C-AEE40265F351}.Debug|Any CPU.ActiveCfg = Debug|Any CPU
		{08285358-AA88-4658-BE6C-AEE40265F351}.Debug|Any CPU.Build.0 = Debug|Any CPU
		{08285358-AA88-4658-BE6C-AEE40265F351}.Release|Any CPU.ActiveCfg = Release|Any CPU
		{08285358-AA88-4658-BE6C-AEE40265F351}.Release|Any CPU.Build.0 = Release|Any CPU
		{9EC74FE4-C2CF-4609-8CFC-066A231AC0FF}.Debug|Any CPU.ActiveCfg = Debug|Any CPU
		{9EC74FE4-C2CF-4609-8CFC-066A231AC0FF}.Debug|Any CPU.Build.0 = Debug|Any CPU
		{9EC74FE4-C2CF-4609-8CFC-066A231AC0FF}.Release|Any CPU.ActiveCfg = Release|Any CPU
		{9EC74FE4-C2CF-4609-8CFC-066A231AC0FF}.Release|Any CPU.Build.0 = Release|Any CPU
	EndGlobalSection
	GlobalSection(SolutionProperties) = preSolution
		HideSolutionNode = FALSE
	EndGlobalSection
	GlobalSection(ExtensibilityGlobals) = postSolution
		SolutionGuid = {011E81E7-51A3-4198-9740-3C694A9D6E0E}
	EndGlobalSection
EndGlobal
